# This file is generated by running "yarn install" inside your project.
# Manual changes might be lost - proceed with caution!

__metadata:
  version: 7
  cacheKey: 9

"accepts@npm:~1.2.12":
  version: 1.2.13
  resolution: "accepts@npm:1.2.13"
  dependencies:
    mime-types: "npm:~2.1.6"
    negotiator: "npm:0.5.3"
  checksum: 271a8a544d48c6dba85e360b0ec5aac2761de1772dbfd279623434f63f4fa91b460eac31276915d1966308af68637dc1018d791d4423f3dc6f0739a6ffe00c58
  languageName: node
  linkType: hard

"array-flatten@npm:1.1.1":
  version: 1.1.1
  resolution: "array-flatten@npm:1.1.1"
  checksum: 4f31d5671990976098f6ea9d82986748f43d0d44e3ab815d84d33cd5369ee964386804213619d4d050b33fe1cefa5e1420e98d350cd0162ab087d9d58c02d1c4
  languageName: node
  linkType: hard

"body-parser@npm:~1.15.0":
  version: 1.15.2
  resolution: "body-parser@npm:1.15.2"
  dependencies:
    bytes: "npm:2.4.0"
    content-type: "npm:~1.0.2"
    debug: "npm:~2.2.0"
    depd: "npm:~1.1.0"
    http-errors: "npm:~1.5.0"
    iconv-lite: "npm:0.4.13"
    on-finished: "npm:~2.3.0"
    qs: "npm:6.2.0"
    raw-body: "npm:~2.1.7"
    type-is: "npm:~1.6.13"
  checksum: 39d9ceaf19fc9b624d927146721572e4b5802e194f1fd74ccb6c69974ff0954613d4f0fe7d3ec811a8b94c93f9d103b7cb018108aa0156ea877c7f298b060ab3
  languageName: node
  linkType: hard

"bytes@npm:2.4.0":
  version: 2.4.0
  resolution: "bytes@npm:2.4.0"
  checksum: e8805cc0a52eb2e194b7a8bbf9665b0936d0e916490c6ba4e7cd9ee809da828fef66fee23e169d32b6314ea3ca5c08bd97e5a32d7cca0a1e41711b9478bb2060
  languageName: node
  linkType: hard

"bytes@npm:3.1.2":
  version: 3.1.2
  resolution: "bytes@npm:3.1.2"
  checksum: b9b056ed671c71c7e0f4ce7b60a0c17305d1e3e9b6c967e0e82ce85bd8fad16efa4df992177d429e253b47c45a716e6823a9d046b660b4b5b7e1e21b4801edfe
  languageName: node
  linkType: hard

"content-disposition@npm:0.5.1":
  version: 0.5.1
  resolution: "content-disposition@npm:0.5.1"
  checksum: 0ff7e7435fa16aa70fc21c5c8f72f50056c9bd7f5c108c344115182d9bedc83a7e2434a5bb756ad5605b9bea51d6c26709567feb1cf75a540ed64cac7ec7877d
  languageName: node
  linkType: hard

"content-type@npm:~1.0.1, content-type@npm:~1.0.2":
  version: 1.0.5
  resolution: "content-type@npm:1.0.5"
  checksum: aa41501a6a2040fd19cdb39ac7e077f414c269cbfa0a274dd6b2ce1ef10c8211ea11b9bf3c034ba6872fde5f16d0b234062df62ab5a773b978cce40b60e01747
  languageName: node
  linkType: hard

"cookie-signature@npm:1.0.6":
  version: 1.0.6
  resolution: "cookie-signature@npm:1.0.6"
  checksum: b99cb14f01bd69029eba0a24f3468034a590ff9ca048dcd37dcb344be2edf8691de8bbef8acffbadc2c5b38f6064fd7eb79714054458f6b714af3e25a884a9f5
  languageName: node
  linkType: hard

"cookie@npm:0.1.5":
  version: 0.1.5
  resolution: "cookie@npm:0.1.5"
  checksum: ac2563c3c397108351c6f133a27f7ae4e509721214627700d88ff69ebfaa4d066823f1ab166d6350b57e944d06a4b51b247c03230fc65940e74347d456bd14e1
  languageName: node
  linkType: hard

"debug@npm:~2.2.0":
  version: 2.2.0
  resolution: "debug@npm:2.2.0"
  dependencies:
    ms: "npm:0.7.1"
  checksum: 0defce9564ea969068e7fc52a8d48dd7671df7f6a406327f28504a56e90000d85434d6ea386e573ee1813a3597e3a316401858812798f944409b198a20491d56
  languageName: node
  linkType: hard

"depd@npm:2.0.0":
  version: 2.0.0
  resolution: "depd@npm:2.0.0"
  checksum: 170e90bfa90081462303140623fdf938aeba2f066b1c7a9a1c599b257ea8127d36b9d39fad5a9d71f5282a3bb5a8ca287ce4d8c6cecd0f65e6bf3779cc6091be
  languageName: node
  linkType: hard

"depd@npm:~1.1.0":
  version: 1.1.2
  resolution: "depd@npm:1.1.2"
  checksum: e9fb93771e7cf3d88c4e38ca95742f7c58cae31928eb5e67a1a14d970325a02755451bb7fafc2db72333a5cf7fc14e07e4f8d709c0df70143355e77e8d090bac
  languageName: node
  linkType: hard

"destroy@npm:~1.0.4":
  version: 1.0.4
  resolution: "destroy@npm:1.0.4"
  checksum: 15abeb57cc16b0dff66cb93fbc2351a6ea0cc60b1cb9ec4c1bc32016e2ccb7f8fffb716409f653040f7d36b81a4816e99d5bf90d8f7bb97fefadb93b9d5856e8
  languageName: node
  linkType: hard

"ee-first@npm:1.1.1":
  version: 1.1.1
  resolution: "ee-first@npm:1.1.1"
  checksum: 037800fb1ddc8398702b8fdac0507da850804a43bcc623ccb7969a2ebecb384f1d0dec43dc74dc8b11eeb7652ba8fe5cba9ccce26ee6c78454b38439a5051560
  languageName: node
  linkType: hard

"escape-html@npm:~1.0.3":
  version: 1.0.3
  resolution: "escape-html@npm:1.0.3"
  checksum: c2c0e204bdee0452b5481e18e659d8f0ef909b774cd8140724e53df3254e75c04e8ff30298f658ca0310191f46de5bbb94459fc55103eb978eb6ffaaf499bbd1
  languageName: node
  linkType: hard

"etag@npm:~1.7.0":
  version: 1.7.0
  resolution: "etag@npm:1.7.0"
  checksum: 0a855e437754d9170d3d4595ac0f564d29af9cc39434fd361f0912cdc36a4e847a6e3cad39b305e4d1bd08d7797ccdf1c6bd3d00f7708424b7b60a11ba5941f2
  languageName: node
  linkType: hard

"express-x-hub@npm:^1.0.4":
  version: 1.0.4
  resolution: "express-x-hub@npm:1.0.4"
  dependencies:
    raw-body: "npm:^2.1.4"
    type-is: "npm:^1.6.9"
  checksum: 31f5c95861a23160dae538e577d95bb70f2ac4de8740cad4454667798e4729191e5b10044d72912a73dcca140927c27af59174f67bfeb88e21b09793b72738ab
  languageName: node
  linkType: hard

"express@npm:~4.13.3":
  version: 4.13.4
  resolution: "express@npm:4.13.4"
  dependencies:
    accepts: "npm:~1.2.12"
    array-flatten: "npm:1.1.1"
    content-disposition: "npm:0.5.1"
    content-type: "npm:~1.0.1"
    cookie: "npm:0.1.5"
    cookie-signature: "npm:1.0.6"
    debug: "npm:~2.2.0"
    depd: "npm:~1.1.0"
    escape-html: "npm:~1.0.3"
    etag: "npm:~1.7.0"
    finalhandler: "npm:0.4.1"
    fresh: "npm:0.3.0"
    merge-descriptors: "npm:1.0.1"
    methods: "npm:~1.1.2"
    on-finished: "npm:~2.3.0"
    parseurl: "npm:~1.3.1"
    path-to-regexp: "npm:0.1.7"
    proxy-addr: "npm:~1.0.10"
    qs: "npm:4.0.0"
    range-parser: "npm:~1.0.3"
    send: "npm:0.13.1"
    serve-static: "npm:~1.10.2"
    type-is: "npm:~1.6.6"
    utils-merge: "npm:1.0.0"
    vary: "npm:~1.0.1"
  checksum: fa298a08914228f372c65be7640ad7f575270765a2c3a2f0d2c01cfb1aeb0e6c864d2c8604599d2ddba7f606a3f40340f8ac7c07de4164613820e80023b9df96
  languageName: node
  linkType: hard

"finalhandler@npm:0.4.1":
  version: 0.4.1
  resolution: "finalhandler@npm:0.4.1"
  dependencies:
    debug: "npm:~2.2.0"
    escape-html: "npm:~1.0.3"
    on-finished: "npm:~2.3.0"
    unpipe: "npm:~1.0.0"
  checksum: f4f0fe4e9f4ee5a10899eae230595a37016f362ce7289f291fd6f80739567a173d5559355c4c612d6f9d36239a6bdf3e5fb41c32eb2f9415e3e0d8193efd2f52
  languageName: node
  linkType: hard

"forwarded@npm:~0.1.0":
  version: 0.1.2
  resolution: "forwarded@npm:0.1.2"
  checksum: 228957954339d139a5f26d94044f2f8518400d8e782a0bbb73988a9681fe28b823f12bf9a925fc9ccb213229a2ee6182427e27713a7825d6a99ab29825be1d28
  languageName: node
  linkType: hard

"fresh@npm:0.3.0":
  version: 0.3.0
  resolution: "fresh@npm:0.3.0"
  checksum: ba14739969b898d9778c2db64ff6eba0fcaec1715924d089ca264f0dd620642d4963db161bb68855981ebc4b47f614a609a3f3cf09a9058e1437b114fc6a4796
  languageName: node
  linkType: hard

"graph-api-webhooks-samples@workspace:.":
  version: 0.0.0-use.local
  resolution: "graph-api-webhooks-samples@workspace:."
  dependencies:
    body-parser: "npm:~1.15.0"
    express: "npm:~4.13.3"
    express-x-hub: "npm:^1.0.4"
  languageName: unknown
  linkType: soft

"http-errors@npm:2.0.0":
  version: 2.0.0
  resolution: "http-errors@npm:2.0.0"
  dependencies:
    depd: "npm:2.0.0"
    inherits: "npm:2.0.4"
    setprototypeof: "npm:1.2.0"
    statuses: "npm:2.0.1"
    toidentifier: "npm:1.0.1"
  checksum: 4ca64437169c64e448700bfc07ebaf5555bc0bb5c0880ab171a20312580af586f0c9f1bd5e9047336c84b4a31ade801ca7fe8c1c7e1d654f4ea9d5dee71dbb3c
  languageName: node
  linkType: hard

"http-errors@npm:~1.3.1":
  version: 1.3.1
  resolution: "http-errors@npm:1.3.1"
  dependencies:
    inherits: "npm:~2.0.1"
    statuses: "npm:1"
  checksum: 9631f2d3be3fdbf62b8d5b3a877b34af98f9e0e048a32d2cab17307f78271933ebdb5783430089b0c3e780e06b6b392887347f78cc392d32b1a31749c14981a1
  languageName: node
  linkType: hard

"http-errors@npm:~1.5.0":
  version: 1.5.1
  resolution: "http-errors@npm:1.5.1"
  dependencies:
    inherits: "npm:2.0.3"
    setprototypeof: "npm:1.0.2"
    statuses: "npm:>= 1.3.1 < 2"
  checksum: 1060f674061a765b9cb1ea3e2e16de8eb6ef2a3bd520c19c601cd4675f4b4eeb9bd8fa0201e61e900cd459f9ac04f43cbb2a5e62b7c59866356c7d09ff168dce
  languageName: node
  linkType: hard

"iconv-lite@npm:0.4.13":
  version: 0.4.13
  resolution: "iconv-lite@npm:0.4.13"
  checksum: a46ad15f9f31f4b189a97ef8ba55b89072e06a203aca4a12fb575a3929ac84d1d8365283ee4ebda967bbee663349c96e2237f3f312854e09b5a40c09b6fc4049
  languageName: node
  linkType: hard

"iconv-lite@npm:0.4.24":
  version: 0.4.24
  resolution: "iconv-lite@npm:0.4.24"
  dependencies:
    safer-buffer: "npm:>= 2.1.2 < 3"
  checksum: 6cc23a171d6fe7c49ab89956a5f151dfc4db34b48b61cebe887051e35dbb9bebb25bf5e410e8c79efadfd8ed602a0f79f7d7814f77365841e0596c3136408eaf
  languageName: node
  linkType: hard

"inherits@npm:2.0.3":
  version: 2.0.3
  resolution: "inherits@npm:2.0.3"
  checksum: e29e5e9b9fd21e3fdf5e138c99b7328965c14e59abb31dcaec6eb81744597c52ad3b2ac3bf0fc73e1c397883f077bb52fbd98724ad5a49b4750f3de594f74c2f
  languageName: node
  linkType: hard

"inherits@npm:2.0.4, inherits@npm:~2.0.1":
  version: 2.0.4
  resolution: "inherits@npm:2.0.4"
  checksum: ca76c7e45ec715bfe6c1dd67b780b9a15068f37b37ab56cf8b773537b2654238469a42950f5f4d301212755e7512be888f627752e778e1863d95cfedefc8b8bd
  languageName: node
  linkType: hard

"ipaddr.js@npm:1.0.5":
  version: 1.0.5
  resolution: "ipaddr.js@npm:1.0.5"
  checksum: 70ae953e8e2bb4e44003a81a37a33d330611d1d886a17fbbc61c5e39c9f8d6e22048e69188c6119d9e267c6f9be79bf176870b6bb96718200abd1bf5d6f1e070
  languageName: node
  linkType: hard

"media-typer@npm:0.3.0":
  version: 0.3.0
  resolution: "media-typer@npm:0.3.0"
  checksum: 21806e15268f71b2bbf35a57b5eb9a42e14be638b8b855e210fb90282744e622f9d232f34f1cf566dc487819ce66bbb8aa6568e3267f48b12e92e2ba679838ae
  languageName: node
  linkType: hard

"merge-descriptors@npm:1.0.1":
  version: 1.0.1
  resolution: "merge-descriptors@npm:1.0.1"
  checksum: 6c8d19415ddd30b17ebd8e4474897549915cb90bb1caa13bbc55cce27a72d377c289abd300a3e8c6c1a6d61c4ea1fbe297addf032a9d75cb8de2788bc8b9cb2c
  languageName: node
  linkType: hard

"methods@npm:~1.1.2":
  version: 1.1.2
  resolution: "methods@npm:1.1.2"
  checksum: 4641d1eda8231aee6774d28a32249f1d4f04e2a58a86c4a968eed39d178d64594ed829301eb603356decc9bd423eacd68d6bde7874a291475800a1568e547d4e
  languageName: node
  linkType: hard

"mime-db@npm:1.52.0":
  version: 1.52.0
  resolution: "mime-db@npm:1.52.0"
  checksum: 95baf687a3f14ff2cc433e30dea5c4931c7f4b67059d44a0098cfb833858cad63ec13c20f98762bddd088c4e9dac6d95862db1ea9d3fe3fa68f57b69a325000d
  languageName: node
  linkType: hard

"mime-types@npm:~2.1.24, mime-types@npm:~2.1.6":
  version: 2.1.35
  resolution: "mime-types@npm:2.1.35"
  dependencies:
    mime-db: "npm:1.52.0"
  checksum: 51e3b38d1b1b83da082f7c29042bcb22036101346394696b7643ef5da27ebf6bf71643bd45225ee75e4ea2836213780efc8c3dcd2055c84b49eb0afc061419d0
  languageName: node
  linkType: hard

"mime@npm:1.3.4":
  version: 1.3.4
  resolution: "mime@npm:1.3.4"
  bin:
    mime: cli.js
  checksum: a3bd5eecb8b50f84ee830c194df6d890ce133cd8b4bedca64d6a96bf94c93d3ad5dc5c1d87af325990434869a694315c31d5a12cc62e7b16f0245d761b796adf
  languageName: node
  linkType: hard

"ms@npm:0.7.1":
  version: 0.7.1
  resolution: "ms@npm:0.7.1"
  checksum: f710fcbf3ae3511bdb73b68ec1aae837518fee4ed4ff6c10117122b75cfdfe430adc0a4e34894f6aea9d808629ca86ae0cfac9a1eab6add844189e7a2da301d8
  languageName: node
  linkType: hard

"negotiator@npm:0.5.3":
  version: 0.5.3
  resolution: "negotiator@npm:0.5.3"
  checksum: 9869727152e09ee35eacd9e4e06b611020cc325cde5daca6936afbf488008b64330d8ec57eef50985b730e1b0b93f110604c2c1812c7c2d0e5c4e37483c39c7d
  languageName: node
  linkType: hard

"on-finished@npm:~2.3.0":
  version: 2.3.0
  resolution: "on-finished@npm:2.3.0"
  dependencies:
    ee-first: "npm:1.1.1"
  checksum: 44e294ed88a954e3eba9dd56964a387f1a217cb518cb1f60644eb942ae1fd2be37bdde46b9b212c2de5fd5c9df23e382ce2b16f5635c00845aaf21344389c0b3
  languageName: node
  linkType: hard

"parseurl@npm:~1.3.1":
  version: 1.3.3
  resolution: "parseurl@npm:1.3.3"
  checksum: cbd2f45d9ab7fe80e5a742ff88fdedcfae00a32b1e6cca174c4d5c11b9480d0dde9a22b5e9505da44734f047e7cea8457508fced54067b870595a7938d29b467
  languageName: node
  linkType: hard

"path-to-regexp@npm:0.1.7":
  version: 0.1.7
  resolution: "path-to-regexp@npm:0.1.7"
  checksum: 65caab5a929dda7ae7f6ab3be871a82390317291271694dea898eea5fdcc232ae7fd197a76a3cda4bd6dcef8d82e582578e02eb7d5fa659df0f4d33a53c9753f
  languageName: node
  linkType: hard

"proxy-addr@npm:~1.0.10":
  version: 1.0.10
  resolution: "proxy-addr@npm:1.0.10"
  dependencies:
    forwarded: "npm:~0.1.0"
    ipaddr.js: "npm:1.0.5"
  checksum: 5c36fafd32bee2c1ef0cf0a6caaf5c0edae371ad0e931cc174c1222a290a526a7e6fdde5d5a2b1723a0ebcfadd0e28f7ff9d2b6ab3b35e98f9e1f3f48a00b695
  languageName: node
  linkType: hard

"qs@npm:4.0.0":
  version: 4.0.0
  resolution: "qs@npm:4.0.0"
  checksum: 482098262eb30e90cd87eb940a762e8a30fabc4c7064de0ab09118314c5f83f20d4ceda3d6bebfc576e0e410e6653c8fca061e750057e7ce54bb0d60c71b0647
  languageName: node
  linkType: hard

"qs@npm:6.2.0":
  version: 6.2.0
  resolution: "qs@npm:6.2.0"
  checksum: 1420f2eded97ad9b43a53cc6f01a4b54583258bfec6d47239e93dcf82371613de5f97c4b1ee1d0c07409a090eda85c844d090735f9585b7ea59101b098b66958
  languageName: node
  linkType: hard

"range-parser@npm:~1.0.3":
  version: 1.0.3
  resolution: "range-parser@npm:1.0.3"
  checksum: bc7302d7e35fee2c5dfcf7313427e68d74732f5aefeb640e44aff8b6ec9629bd8d458317b391f7bb1dff31c8216fea8c356d0ce783eac46e072aa1ed139873e1
  languageName: node
  linkType: hard

"raw-body@npm:^2.1.4":
  version: 2.5.2
  resolution: "raw-body@npm:2.5.2"
  dependencies:
    bytes: "npm:3.1.2"
    http-errors: "npm:2.0.0"
    iconv-lite: "npm:0.4.24"
    unpipe: "npm:1.0.0"
  checksum: 409733b2b8e85008488eaec74dc09d7ae676a38cc543d3129c2696970056f733aa4819875dfc415d8f3e5e98e792c7378c9b10c2340ecc6405b74916cf33f63d
  languageName: node
  linkType: hard

"raw-body@npm:~2.1.7":
  version: 2.1.7
  resolution: "raw-body@npm:2.1.7"
  dependencies:
    bytes: "npm:2.4.0"
    iconv-lite: "npm:0.4.13"
    unpipe: "npm:1.0.0"
  checksum: 5fc8229f97e2a527535ab83417d4c1cfc6a00c8222d53d95261a9addeb6847b81048f2e033d32fa84ce755b4323ea1ef1023f3c5bbd8988f92040c3144f6ab16
  languageName: node
  linkType: hard

"safer-buffer@npm:>= 2.1.2 < 3":
  version: 2.1.2
  resolution: "safer-buffer@npm:2.1.2"
  checksum: d4199666e9e792968c0b88c2c35dd400f56d3eecb9affbcf5207922822eadf30cc06995bae3c5d0a653851bbd40fc0af578bf046bbf734199ce22433ba4da659
  languageName: node
  linkType: hard

"send@npm:0.13.1":
  version: 0.13.1
  resolution: "send@npm:0.13.1"
  dependencies:
    debug: "npm:~2.2.0"
    depd: "npm:~1.1.0"
    destroy: "npm:~1.0.4"
    escape-html: "npm:~1.0.3"
    etag: "npm:~1.7.0"
    fresh: "npm:0.3.0"
    http-errors: "npm:~1.3.1"
    mime: "npm:1.3.4"
    ms: "npm:0.7.1"
    on-finished: "npm:~2.3.0"
    range-parser: "npm:~1.0.3"
    statuses: "npm:~1.2.1"
  checksum: fb06803a14337ce20fdf7b1a709a19a8fb66cacbb349c8f3a5fa48864d6c4141bca2c3038ad5899d3da176ca9342255b938c0fcd9573c3482bd8f48507a8b1c2
  languageName: node
  linkType: hard

"send@npm:0.13.2":
  version: 0.13.2
  resolution: "send@npm:0.13.2"
  dependencies:
    debug: "npm:~2.2.0"
    depd: "npm:~1.1.0"
    destroy: "npm:~1.0.4"
    escape-html: "npm:~1.0.3"
    etag: "npm:~1.7.0"
    fresh: "npm:0.3.0"
    http-errors: "npm:~1.3.1"
    mime: "npm:1.3.4"
    ms: "npm:0.7.1"
    on-finished: "npm:~2.3.0"
    range-parser: "npm:~1.0.3"
    statuses: "npm:~1.2.1"
  checksum: 17b097043d210931bc2d5862007c56d9f36f5e33fba7237094ae0f6dc0ec9aeba268526f0b3532aaae342fc702ec9ac0f5b077f677a6bc6ed18d3a748cac125f
  languageName: node
  linkType: hard

"serve-static@npm:~1.10.2":
  version: 1.10.3
  resolution: "serve-static@npm:1.10.3"
  dependencies:
    escape-html: "npm:~1.0.3"
    parseurl: "npm:~1.3.1"
    send: "npm:0.13.2"
  checksum: a43787a65f927d82fb68dcc49e08cf48bc8ebea29962b09a1105ed89f4eddbbf77585d71084120364c46d0b02656ae09b74dd954565da56b4719039bbf52fe55
  languageName: node
  linkType: hard

"setprototypeof@npm:1.0.2":
  version: 1.0.2
  resolution: "setprototypeof@npm:1.0.2"
  checksum: 56775dbb8b82c06b8b3b53474db6fd2736f284c57ed20edf6873836d409568497231802d408e4752dc2342118b0843ec7b640c75a6c1263ecfa17fcbfe55fcc0
  languageName: node
  linkType: hard

"setprototypeof@npm:1.2.0":
  version: 1.2.0
  resolution: "setprototypeof@npm:1.2.0"
  checksum: ba389f4722581d9070df0a323a29501254594a97fee0e9308e73372f9856dbdb37fff71a0fef1e31c48901384544260d12925b791477e0101d7a68a6e28c23cf
  languageName: node
  linkType: hard

"statuses@npm:1, statuses@npm:>= 1.3.1 < 2":
  version: 1.5.0
  resolution: "statuses@npm:1.5.0"
  checksum: 9d6802be15e8e10700dcb86e2cd7e86eba497e8b7b37db1fe340062bfcb64a63b1e5fa8c3d3737678d87b2d6e3a803023a3a49582b2f66b4fef1df8b5a3ee1e2
  languageName: node
  linkType: hard

"statuses@npm:2.0.1":
  version: 2.0.1
  resolution: "statuses@npm:2.0.1"
  checksum: a7e9d41901245a442e77b339f715d77ac113c03ab9434d9f81ae45d75ed3437d9824e601ae1a834ad3e471ae3fc78d3c00decec5e826c91552a58d4c38833ecf
  languageName: node
  linkType: hard

"statuses@npm:~1.2.1":
  version: 1.2.1
  resolution: "statuses@npm:1.2.1"
  checksum: 1cb0275415af1c493e56b6697c06aca602642b91c97e971f38dbab35cdfcd41f8ed6dfb84d6f9c05703dcf867879df4944fef5086837ba736c883f6eda8790a4
  languageName: node
  linkType: hard

"toidentifier@npm:1.0.1":
  version: 1.0.1
  resolution: "toidentifier@npm:1.0.1"
  checksum: ed889234ceb442c0d5f87ab3f2a8fc0679800baa41766c0d9ce1bb82c700052fd6cf5d1656e1304de13d7a7d5974962fedc1bbe9a0e4686c3d8743c716c7dd5f
  languageName: node
  linkType: hard

"type-is@npm:^1.6.9, type-is@npm:~1.6.13, type-is@npm:~1.6.6":
  version: 1.6.18
  resolution: "type-is@npm:1.6.18"
  dependencies:
    media-typer: "npm:0.3.0"
    mime-types: "npm:~2.1.24"
  checksum: 1cf58e1d0c2129201bee6abe8029f5dda621f86a1094955b6510c9baf879a45f725b2e19c7dc1f04a623a0edd8f3cc39cc4d4899287c805b6b1177c961f46564
  languageName: node
  linkType: hard

"unpipe@npm:1.0.0, unpipe@npm:~1.0.0":
  version: 1.0.0
  resolution: "unpipe@npm:1.0.0"
  checksum: 0504c357ea2fced264cd144bb1c3e44515a22ea8003eb3c35d3dabcb67181b023febec6bfa6fc6d863877bc556ae5939ede1c26d81a7dfd4a8f06b16bd091ea5
  languageName: node
  linkType: hard

"utils-merge@npm:1.0.0":
  version: 1.0.0
  resolution: "utils-merge@npm:1.0.0"
  checksum: a56426b63189ee333f234207d53e357687a15153a32a8297f650faaa82d2411385b0ddf0a5d1f28838604e973d14fcfd2b952659ae1a139b87befef0883ed1c5
  languageName: node
  linkType: hard

"vary@npm:~1.0.1":
  version: 1.0.1
  resolution: "vary@npm:1.0.1"
  checksum: f7c9b1b31324e5e17a48669532755c1a6967cc95cd52e4880f9fe3d3598aad19be83435e859e5c62c5cb86b8e78ab936778bfe4e19a4e196321b0914dea6d136
  languageName: node
  linkType: hard
